
Microsoft Visual Studio Solution File, Format Version 12.00
# Visual Studio Version 17
VisualStudioVersion = 17.8.34316.72
MinimumVisualStudioVersion = 10.0.40219.1
Project("{9A19103F-16F7-4668-BE54-9A1E7A4F7556}") = "Rhythm.Drop", "Rhythm.Drop\Rhythm.Drop.csproj", "{2CB55AA2-A848-4C49-8B4D-C038EB337923}"
EndProject
Project("{9A19103F-16F7-4668-BE54-9A1E7A4F7556}") = "Rhythm.Drop.Infrastructure", "Rhythm.Drop.Infrastructure\Rhythm.Drop.Infrastructure.csproj", "{062AAECB-CCFA-47EF-AABC-2FD29590548B}"
EndProject
Project("{9A19103F-16F7-4668-BE54-9A1E7A4F7556}") = "Rhythm.Drop.Models", "Rhythm.Drop.Models\Rhythm.Drop.Models.csproj", "{4A286332-2234-4B3C-8F15-AACFC859728F}"
EndProject
Project("{9A19103F-16F7-4668-BE54-9A1E7A4F7556}") = "Rhythm.Drop.Web.Infrastructure", "Rhythm.Drop.Web.Infrastructure\Rhythm.Drop.Web.Infrastructure.csproj", "{24429BA5-E477-46EF-AB7E-446DA8D13A2F}"
EndProject
Project("{9A19103F-16F7-4668-BE54-9A1E7A4F7556}") = "Rhythm.Drop.Web", "Rhythm.Drop.Web\Rhythm.Drop.Web.csproj", "{13362A8B-4588-4BCD-B8FE-D003246A7DB1}"
EndProject
Project("{2150E333-8FDC-42A3-9474-1A3956D46DE8}") = "Solution Items", "Solution Items", "{B38424C7-AB9D-43E4-B14F-58B3B46033F1}"
	ProjectSection(SolutionItems) = preProject
		Directory.Build.props = Directory.Build.props
	EndProjectSection
EndProject
Project("{FAE04EC0-301F-11D3-BF4B-00C04F79EFBC}") = "Rhythm.Drop.Builders", "Rhythm.Drop.Builders\Rhythm.Drop.Builders.csproj", "{DFDEB563-8CD6-42A3-82A3-C6D5705889DD}"
EndProject
Global
	GlobalSection(SolutionConfigurationPlatforms) = preSolution
		Debug|Any CPU = Debug|Any CPU
		Release|Any CPU = Release|Any CPU
	EndGlobalSection
	GlobalSection(ProjectConfigurationPlatforms) = postSolution
		{2CB55AA2-A848-4C49-8B4D-C038EB337923}.Debug|Any CPU.ActiveCfg = Debug|Any CPU
		{2CB55AA2-A848-4C49-8B4D-C038EB337923}.Debug|Any CPU.Build.0 = Debug|Any CPU
		{2CB55AA2-A848-4C49-8B4D-C038EB337923}.Release|Any CPU.ActiveCfg = Release|Any CPU
		{2CB55AA2-A848-4C49-8B4D-C038EB337923}.Release|Any CPU.Build.0 = Release|Any CPU
		{062AAECB-CCFA-47EF-AABC-2FD29590548B}.Debug|Any CPU.ActiveCfg = Debug|Any CPU
		{062AAECB-CCFA-47EF-AABC-2FD29590548B}.Debug|Any CPU.Build.0 = Debug|Any CPU
		{062AAECB-CCFA-47EF-AABC-2FD29590548B}.Release|Any CPU.ActiveCfg = Release|Any CPU
		{062AAECB-CCFA-47EF-AABC-2FD29590548B}.Release|Any CPU.Build.0 = Release|Any CPU
		{4A286332-2234-4B3C-8F15-AACFC859728F}.Debug|Any CPU.ActiveCfg = Debug|Any CPU
		{4A286332-2234-4B3C-8F15-AACFC859728F}.Debug|Any CPU.Build.0 = Debug|Any CPU
		{4A286332-2234-4B3C-8F15-AACFC859728F}.Release|Any CPU.ActiveCfg = Release|Any CPU
		{4A286332-2234-4B3C-8F15-AACFC859728F}.Release|Any CPU.Build.0 = Release|Any CPU
		{24429BA5-E477-46EF-AB7E-446DA8D13A2F}.Debug|Any CPU.ActiveCfg = Debug|Any CPU
		{24429BA5-E477-46EF-AB7E-446DA8D13A2F}.Debug|Any CPU.Build.0 = Debug|Any CPU
		{24429BA5-E477-46EF-AB7E-446DA8D13A2F}.Release|Any CPU.ActiveCfg = Release|Any CPU
		{24429BA5-E477-46EF-AB7E-446DA8D13A2F}.Release|Any CPU.Build.0 = Release|Any CPU
		{13362A8B-4588-4BCD-B8FE-D003246A7DB1}.Debug|Any CPU.ActiveCfg = Debug|Any CPU
		{13362A8B-4588-4BCD-B8FE-D003246A7DB1}.Debug|Any CPU.Build.0 = Debug|Any CPU
		{13362A8B-4588-4BCD-B8FE-D003246A7DB1}.Release|Any CPU.ActiveCfg = Release|Any CPU
		{13362A8B-4588-4BCD-B8FE-D003246A7DB1}.Release|Any CPU.Build.0 = Release|Any CPU
		{DFDEB563-8CD6-42A3-82A3-C6D5705889DD}.Debug|Any CPU.ActiveCfg = Debug|Any CPU
		{DFDEB563-8CD6-42A3-82A3-C6D5705889DD}.Debug|Any CPU.Build.0 = Debug|Any CPU
		{DFDEB563-8CD6-42A3-82A3-C6D5705889DD}.Release|Any CPU.ActiveCfg = Release|Any CPU
		{DFDEB563-8CD6-42A3-82A3-C6D5705889DD}.Release|Any CPU.Build.0 = Release|Any CPU
	EndGlobalSection
	GlobalSection(SolutionProperties) = preSolution
		HideSolutionNode = FALSE
	EndGlobalSection
	GlobalSection(ExtensibilityGlobals) = postSolution
		SolutionGuid = {3309BB1E-4784-49EA-AF65-16DF8D16652A}
	EndGlobalSection
EndGlobal
